
Microsoft Visual Studio Solution File, Format Version 12.00
# Visual Studio Version 17
VisualStudioVersion = 17.10.34928.147
MinimumVisualStudioVersion = 10.0.40219.1
Project("{FAE04EC0-301F-11D3-BF4B-00C04F79EFBC}") = "Paletitas", "Paletitas.csproj", "{2B5784EE-CE82-48E7-B98E-799F4A88C107}"
EndProject
Global
	GlobalSection(SolutionConfigurationPlatforms) = preSolution
		Debug|Any CPU = Debug|Any CPU
		Release|Any CPU = Release|Any CPU
	EndGlobalSection
	GlobalSection(ProjectConfigurationPlatforms) = postSolution
		{2B5784EE-CE82-48E7-B98E-799F4A88C107}.Debug|Any CPU.ActiveCfg = Debug|Any CPU
		{2B5784EE-CE82-48E7-B98E-799F4A88C107}.Debug|Any CPU.Build.0 = Debug|Any CPU
		{2B5784EE-CE82-48E7-B98E-799F4A88C107}.Release|Any CPU.ActiveCfg = Release|Any CPU
		{2B5784EE-CE82-48E7-B98E-799F4A88C107}.Release|Any CPU.Build.0 = Release|Any CPU
	EndGlobalSection
	GlobalSection(SolutionProperties) = preSolution
		HideSolutionNode = FALSE
	EndGlobalSection
	GlobalSection(ExtensibilityGlobals) = postSolution
		SolutionGuid = {44F253FA-09DB-446E-9F02-9E22CEB36CA3}
	EndGlobalSection
EndGlobal
