
Microsoft Visual Studio Solution File, Format Version 12.00
# Visual Studio Version 17
VisualStudioVersion = 17.7.34221.43
MinimumVisualStudioVersion = 10.0.40219.1
Project("{FAE04EC0-301F-11D3-BF4B-00C04F79EFBC}") = "Compra_WebApi", "..\Compra_WebApi\Compra_WebApi\Compra_WebApi.csproj", "{959E1D01-C4B8-424B-94DD-7DF8BACB881C}"
EndProject
Global
	GlobalSection(SolutionConfigurationPlatforms) = preSolution
		Debug|Any CPU = Debug|Any CPU
		Release|Any CPU = Release|Any CPU
	EndGlobalSection
	GlobalSection(ProjectConfigurationPlatforms) = postSolution
		{959E1D01-C4B8-424B-94DD-7DF8BACB881C}.Debug|Any CPU.ActiveCfg = Debug|Any CPU
		{959E1D01-C4B8-424B-94DD-7DF8BACB881C}.Debug|Any CPU.Build.0 = Debug|Any CPU
		{959E1D01-C4B8-424B-94DD-7DF8BACB881C}.Release|Any CPU.ActiveCfg = Release|Any CPU
		{959E1D01-C4B8-424B-94DD-7DF8BACB881C}.Release|Any CPU.Build.0 = Release|Any CPU
	EndGlobalSection
	GlobalSection(SolutionProperties) = preSolution
		HideSolutionNode = FALSE
	EndGlobalSection
	GlobalSection(ExtensibilityGlobals) = postSolution
		SolutionGuid = {933BAEA8-0921-47B6-917F-9A85F2786157}
	EndGlobalSection
EndGlobal
